{
  "name": "afxx-final - copia",
  "lockfileVersion": 3,
  "requires": true,
  "packages": {
    "": {
      "dependencies": {
        "dotenv": "^18.0.2"
      }
    },
    "node_modules/dotenv": {
      "version": "18.0.2",
      "resolved": "https://registry.npmjs.org/dotenv/-/dotenv-18.0.2.tgz",
      "integrity": "sha512-wl0U3CxC0iobaryqEKpFJxzyp4AxQFYAKj/WWszXZr87vVHLi2yJv2syax5Vxt+u02xqNgE277rsc3lOKg9sPg==",
      "license": "BSD-2-Clause",
      "bin": {
        "dotenv": "dist/index.cjs"
      },
      "engines": {
        "node": ">=12"
      },
      "funding": {
        "url": "https://dotenvx.com"
      }
    }
  }
}
